<?xml version="1.0" encoding="utf-8"?>
<Project ToolsVersion="4.0" xmlns="http://schemas.microsoft.com/developer/msbuild/2003">
  <ItemGroup>
    <Filter Include="源文件">
      <UniqueIdentifier>{4FC737F1-C7A5-4376-A066-2A32D752A2FF}</UniqueIdentifier>
      <Extensions>cpp;c;cc;cxx;def;odl;idl;hpj;bat;asm;asmx</Extensions>
    </Filter>
    <Filter Include="头文件">
      <UniqueIdentifier>{93995380-89BD-4b04-88EB-625FBE52EBFB}</UniqueIdentifier>
      <Extensions>h;hh;hpp;hxx;hm;inl;inc;ipp;xsd</Extensions>
    </Filter>
    <Filter Include="资源文件">
      <UniqueIdentifier>{67DA6AB6-F800-4c08-8B7A-83BB121AAD01}</UniqueIdentifier>
      <Extensions>rc;ico;cur;bmp;dlg;rc2;rct;bin;rgs;gif;jpg;jpeg;jpe;resx;tiff;tif;png;wav;mfcribbon-ms</Extensions>
    </Filter>
  </ItemGroup>
  <ItemGroup>
    <ClInclude Include="include\MFSCommand.h">
      <Filter>头文件</Filter>
    </ClInclude>
    <ClInclude Include="include\command\CreateCommand.h">
      <Filter>头文件</Filter>
    </ClInclude>
    <ClInclude Include="include\command\MountCommand.h">
      <Filter>头文件</Filter>
    </ClInclude>
    <ClInclude Include="include\command\UnmountCommand.h">
      <Filter>头文件</Filter>
    </ClInclude>
    <ClInclude Include="include\command\CloseCommand.h">
      <Filter>头文件</Filter>
    </ClInclude>
    <ClInclude Include="include\command\HelpCommand.h">
      <Filter>头文件</Filter>
    </ClInclude>
    <ClInclude Include="include\command\FormatCommand.h">
      <Filter>头文件</Filter>
    </ClInclude>
    <ClInclude Include="include\command\DirCommand.h">
      <Filter>头文件</Filter>
    </ClInclude>
    <ClInclude Include="include\command\MkdirCommand.h">
      <Filter>头文件</Filter>
    </ClInclude>
    <ClInclude Include="include\command\CopyCommand.h">
      <Filter>头文件</Filter>
    </ClInclude>
    <ClInclude Include="include\command\MoveCommand.h">
      <Filter>头文件</Filter>
    </ClInclude>
    <ClInclude Include="include\command\DelCommand.h">
      <Filter>头文件</Filter>
    </ClInclude>
    <ClInclude Include="include\command\StatCommand.h">
      <Filter>头文件</Filter>
    </ClInclude>
    <ClInclude Include="include\command\TpCommand.h">
      <Filter>头文件</Filter>
    </ClInclude>
    <ClInclude Include="include\command\LinkCommand.h">
      <Filter>头文件</Filter>
    </ClInclude>
    <ClInclude Include="include\Commands.h">
      <Filter>头文件</Filter>
    </ClInclude>
    <ClInclude Include="include\io\MFSConsole.h">
      <Filter>头文件</Filter>
    </ClInclude>
    <ClInclude Include="include\MFSTest.h">
      <Filter>头文件</Filter>
    </ClInclude>
    <ClInclude Include="include\command\InfoCommand.h">
      <Filter>头文件</Filter>
    </ClInclude>
    <ClInclude Include="include\command\MapCommand.h">
      <Filter>头文件</Filter>
    </ClInclude>
    <ClInclude Include="include\command\OptCommand.h">
      <Filter>头文件</Filter>
    </ClInclude>
  </ItemGroup>
  <ItemGroup>
    <ClCompile Include="src\command\CreateCommand.cpp">
      <Filter>源文件</Filter>
    </ClCompile>
    <ClCompile Include="src\command\MountCommand.cpp">
      <Filter>源文件</Filter>
    </ClCompile>
    <ClCompile Include="src\command\UnmountCommand.cpp">
      <Filter>源文件</Filter>
    </ClCompile>
    <ClCompile Include="src\command\CloseCommand.cpp">
      <Filter>源文件</Filter>
    </ClCompile>
    <ClCompile Include="src\command\HelpCommand.cpp">
      <Filter>源文件</Filter>
    </ClCompile>
    <ClCompile Include="src\command\FormatCommand.cpp">
      <Filter>源文件</Filter>
    </ClCompile>
    <ClCompile Include="src\command\DirCommand.cpp">
      <Filter>源文件</Filter>
    </ClCompile>
    <ClCompile Include="src\command\MkdirCommand.cpp">
      <Filter>源文件</Filter>
    </ClCompile>
    <ClCompile Include="src\command\CopyCommand.cpp">
      <Filter>源文件</Filter>
    </ClCompile>
    <ClCompile Include="src\command\MoveCommand.cpp">
      <Filter>源文件</Filter>
    </ClCompile>
    <ClCompile Include="src\command\DelCommand.cpp">
      <Filter>源文件</Filter>
    </ClCompile>
    <ClCompile Include="src\command\StatCommand.cpp">
      <Filter>源文件</Filter>
    </ClCompile>
    <ClCompile Include="src\command\TpCommand.cpp">
      <Filter>源文件</Filter>
    </ClCompile>
    <ClCompile Include="src\command\LinkCommand.cpp">
      <Filter>源文件</Filter>
    </ClCompile>
    <ClCompile Include="main.cpp">
      <Filter>源文件</Filter>
    </ClCompile>
    <ClCompile Include="src\MFSTest.cpp">
      <Filter>源文件</Filter>
    </ClCompile>
    <ClCompile Include="src\io\MFSConsole.cpp">
      <Filter>源文件</Filter>
    </ClCompile>
    <ClCompile Include="src\command\InfoCommand.cpp">
      <Filter>源文件</Filter>
    </ClCompile>
    <ClCompile Include="src\command\MapCommand.cpp">
      <Filter>源文件</Filter>
    </ClCompile>
    <ClCompile Include="src\command\OptCommand.cpp">
      <Filter>源文件</Filter>
    </ClCompile>
  </ItemGroup>
</Project>