<?xml version="1.0" encoding="utf-8"?>
<Project ToolsVersion="4.0" xmlns="http://schemas.microsoft.com/developer/msbuild/2003">
  <ItemGroup>
    <Filter Include="Source Files">
      <UniqueIdentifier>{4FC737F1-C7A5-4376-A066-2A32D752A2FF}</UniqueIdentifier>
      <Extensions>cpp;c;cc;cxx;def;odl;idl;hpj;bat;asm;asmx</Extensions>
    </Filter>
    <Filter Include="Header Files">
      <UniqueIdentifier>{93995380-89BD-4b04-88EB-625FBE52EBFB}</UniqueIdentifier>
      <Extensions>h;hh;hpp;hxx;hm;inl;inc;ipp;xsd</Extensions>
    </Filter>
    <Filter Include="Resource Files">
      <UniqueIdentifier>{67DA6AB6-F800-4c08-8B7A-83BB121AAD01}</UniqueIdentifier>
      <Extensions>rc;ico;cur;bmp;dlg;rc2;rct;bin;rgs;gif;jpg;jpeg;jpe;resx;tiff;tif;png;wav;mfcribbon-ms</Extensions>
    </Filter>
  </ItemGroup>
  <ItemGroup>
    <ClInclude Include="include\device\MFSBlockDevice.h">
      <Filter>Header Files</Filter>
    </ClInclude>
    <ClInclude Include="include\device\MFSBufferedBlockDevice.h">
      <Filter>Header Files</Filter>
    </ClInclude>
    <ClInclude Include="include\device\MFSOSFileDevice.h">
      <Filter>Header Files</Filter>
    </ClInclude>
    <ClInclude Include="include\device\MFSOSFileView.h">
      <Filter>Header Files</Filter>
    </ClInclude>
    <ClInclude Include="include\device\MFSRawDevice.h">
      <Filter>Header Files</Filter>
    </ClInclude>
    <ClInclude Include="include\device\MFSRawDeviceView.h">
      <Filter>Header Files</Filter>
    </ClInclude>
    <ClInclude Include="include\MFSEncoding.h">
      <Filter>Header Files</Filter>
    </ClInclude>
    <ClInclude Include="include\MFSString.h">
      <Filter>Header Files</Filter>
    </ClInclude>
    <ClInclude Include="include\fs\MFSMetas.h">
      <Filter>Header Files</Filter>
    </ClInclude>
    <ClInclude Include="include\MFSUTF8Encoding.h">
      <Filter>Header Files</Filter>
    </ClInclude>
    <ClInclude Include="include\MFSBitmap.h">
      <Filter>Header Files</Filter>
    </ClInclude>
    <ClInclude Include="include\serialize\MFSBitmapSerializer.h">
      <Filter>Header Files</Filter>
    </ClInclude>
    <ClInclude Include="include\serialize\MFSSerializer.h">
      <Filter>Header Files</Filter>
    </ClInclude>
    <ClInclude Include="include\stream\MFSStream.h">
      <Filter>Header Files</Filter>
    </ClInclude>
    <ClInclude Include="src\serialize\MFSBitmapSerializer.cpp">
      <Filter>Source Files</Filter>
    </ClInclude>
    <ClInclude Include="include\fs\MFSPartition.h">
      <Filter>Header Files</Filter>
    </ClInclude>
    <ClInclude Include="include\stream\MFSStreamReader.h">
      <Filter>Header Files</Filter>
    </ClInclude>
    <ClInclude Include="include\stream\MFSStreamWriter.h">
      <Filter>Header Files</Filter>
    </ClInclude>
    <ClInclude Include="include\serialize\MFSAllocationTableSerializer.h">
      <Filter>Header Files</Filter>
    </ClInclude>
    <ClInclude Include="include\fs\MFSAllocationTable.h">
      <Filter>Header Files</Filter>
    </ClInclude>
    <ClInclude Include="include\fs\MFSBlockAllocationManager.h">
      <Filter>Header Files</Filter>
    </ClInclude>
    <ClInclude Include="include\stream\MFSNativeFileStream.h">
      <Filter>Header Files</Filter>
    </ClInclude>
  </ItemGroup>
  <ItemGroup>
    <ClCompile Include="src\device\MFSBlockDevice.cpp">
      <Filter>Source Files</Filter>
    </ClCompile>
    <ClCompile Include="src\device\MFSBufferedBlockDevice.cpp">
      <Filter>Source Files</Filter>
    </ClCompile>
    <ClCompile Include="src\device\MFSOSFileDevice.cpp">
      <Filter>Source Files</Filter>
    </ClCompile>
    <ClCompile Include="src\device\MFSOSFileView.cpp">
      <Filter>Source Files</Filter>
    </ClCompile>
    <ClCompile Include="src\device\MFSRawDevice.cpp">
      <Filter>Source Files</Filter>
    </ClCompile>
    <ClCompile Include="src\device\MFSRawDeviceView.cpp">
      <Filter>Source Files</Filter>
    </ClCompile>
    <ClCompile Include="src\MFSEncoding.cpp">
      <Filter>Source Files</Filter>
    </ClCompile>
    <ClCompile Include="src\MFSString.cpp">
      <Filter>Source Files</Filter>
    </ClCompile>
    <ClCompile Include="src\MFSUTF8Encoding.cpp">
      <Filter>Source Files</Filter>
    </ClCompile>
    <ClCompile Include="src\MFSBitmap.cpp">
      <Filter>Source Files</Filter>
    </ClCompile>
    <ClCompile Include="src\stream\MFSStream.cpp">
      <Filter>Source Files</Filter>
    </ClCompile>
    <ClCompile Include="include\fs\MFSFSEntry.h">
      <Filter>Source Files</Filter>
    </ClCompile>
    <ClCompile Include="src\fs\MFSPartition.cpp">
      <Filter>Source Files</Filter>
    </ClCompile>
    <ClCompile Include="src\stream\MFSStreamReader.cpp">
      <Filter>Source Files</Filter>
    </ClCompile>
    <ClCompile Include="src\stream\MFSStreamWriter.cpp">
      <Filter>Source Files</Filter>
    </ClCompile>
    <ClCompile Include="src\serialize\MFSAllocationTableSerializer.cpp">
      <Filter>Source Files</Filter>
    </ClCompile>
    <ClCompile Include="src\fs\MFSAllocationTable.cpp">
      <Filter>Source Files</Filter>
    </ClCompile>
    <ClCompile Include="src\fs\MFSBlockAllocationManager.cpp">
      <Filter>Source Files</Filter>
    </ClCompile>
    <ClCompile Include="src\stream\MFSNativeFileStream.cpp">
      <Filter>Source Files</Filter>
    </ClCompile>
  </ItemGroup>
</Project>